
Microsoft Visual Studio Solution File, Format Version 12.00
# Visual Studio Version 17
VisualStudioVersion = 17.4.33213.308
MinimumVisualStudioVersion = 10.0.40219.1
Project("{FAE04EC0-301F-11D3-BF4B-00C04F79EFBC}") = "ApiApplication", "ApiApplication\ApiApplication.csproj", "{65C9A29B-D4D6-4E53-AFEC-6104AE6362FA}"
EndProject
Global
	GlobalSection(SolutionConfigurationPlatforms) = preSolution
		Debug|Any CPU = Debug|Any CPU
		Release|Any CPU = Release|Any CPU
	EndGlobalSection
	GlobalSection(ProjectConfigurationPlatforms) = postSolution
		{65C9A29B-D4D6-4E53-AFEC-6104AE6362FA}.Debug|Any CPU.ActiveCfg = Debug|Any CPU
		{65C9A29B-D4D6-4E53-AFEC-6104AE6362FA}.Debug|Any CPU.Build.0 = Debug|Any CPU
		{65C9A29B-D4D6-4E53-AFEC-6104AE6362FA}.Release|Any CPU.ActiveCfg = Release|Any CPU
		{65C9A29B-D4D6-4E53-AFEC-6104AE6362FA}.Release|Any CPU.Build.0 = Release|Any CPU
	EndGlobalSection
	GlobalSection(SolutionProperties) = preSolution
		HideSolutionNode = FALSE
	EndGlobalSection
	GlobalSection(ExtensibilityGlobals) = postSolution
		SolutionGuid = {FBAB976E-F20D-42E7-9848-4E4114D9A590}
	EndGlobalSection
EndGlobal
